
Microsoft Visual Studio Solution File, Format Version 12.00
# Visual Studio Version 17
VisualStudioVersion = 17.10.35122.118
MinimumVisualStudioVersion = 10.0.40219.1
Project("{FAE04EC0-301F-11D3-BF4B-00C04F79EFBC}") = "LibraryManagement", "LibraryManagement\LibraryManagement.csproj", "{FEA2D98E-2F32-4CD2-8EDD-F1594A0EAEAB}"
EndProject
Project("{FAE04EC0-301F-11D3-BF4B-00C04F79EFBC}") = "Model", "Model\Model.csproj", "{D266BB57-E7A6-462A-A2BD-6726275A9700}"
EndProject
Project("{FAE04EC0-301F-11D3-BF4B-00C04F79EFBC}") = "Manager", "Manager\Manager.csproj", "{5912D680-60F9-4C8E-BB5F-B342BF1E0792}"
EndProject
Global
	GlobalSection(SolutionConfigurationPlatforms) = preSolution
		Debug|Any CPU = Debug|Any CPU
		Release|Any CPU = Release|Any CPU
	EndGlobalSection
	GlobalSection(ProjectConfigurationPlatforms) = postSolution
		{FEA2D98E-2F32-4CD2-8EDD-F1594A0EAEAB}.Debug|Any CPU.ActiveCfg = Debug|Any CPU
		{FEA2D98E-2F32-4CD2-8EDD-F1594A0EAEAB}.Debug|Any CPU.Build.0 = Debug|Any CPU
		{FEA2D98E-2F32-4CD2-8EDD-F1594A0EAEAB}.Release|Any CPU.ActiveCfg = Release|Any CPU
		{FEA2D98E-2F32-4CD2-8EDD-F1594A0EAEAB}.Release|Any CPU.Build.0 = Release|Any CPU
		{D266BB57-E7A6-462A-A2BD-6726275A9700}.Debug|Any CPU.ActiveCfg = Debug|Any CPU
		{D266BB57-E7A6-462A-A2BD-6726275A9700}.Debug|Any CPU.Build.0 = Debug|Any CPU
		{D266BB57-E7A6-462A-A2BD-6726275A9700}.Release|Any CPU.ActiveCfg = Release|Any CPU
		{D266BB57-E7A6-462A-A2BD-6726275A9700}.Release|Any CPU.Build.0 = Release|Any CPU
		{5912D680-60F9-4C8E-BB5F-B342BF1E0792}.Debug|Any CPU.ActiveCfg = Debug|Any CPU
		{5912D680-60F9-4C8E-BB5F-B342BF1E0792}.Debug|Any CPU.Build.0 = Debug|Any CPU
		{5912D680-60F9-4C8E-BB5F-B342BF1E0792}.Release|Any CPU.ActiveCfg = Release|Any CPU
		{5912D680-60F9-4C8E-BB5F-B342BF1E0792}.Release|Any CPU.Build.0 = Release|Any CPU
	EndGlobalSection
	GlobalSection(SolutionProperties) = preSolution
		HideSolutionNode = FALSE
	EndGlobalSection
	GlobalSection(ExtensibilityGlobals) = postSolution
		SolutionGuid = {74EAB9DD-C1EC-4B14-A083-AE80CAC4E77B}
	EndGlobalSection
EndGlobal
